
Microsoft Visual Studio Solution File, Format Version 12.00
# Visual Studio 15
VisualStudioVersion = 15.0.27130.2010
MinimumVisualStudioVersion = 10.0.40219.1
Project("{FAE04EC0-301F-11D3-BF4B-00C04F79EFBC}") = "es 19 - OOP MondoAnimale", "es 19 - OOP MondoAnimale\es 19 - OOP MondoAnimale.csproj", "{9F6050F0-69DD-42FF-9019-5816E8C47BD3}"
EndProject
Global
	GlobalSection(SolutionConfigurationPlatforms) = preSolution
		Debug|Any CPU = Debug|Any CPU
		Release|Any CPU = Release|Any CPU
	EndGlobalSection
	GlobalSection(ProjectConfigurationPlatforms) = postSolution
		{9F6050F0-69DD-42FF-9019-5816E8C47BD3}.Debug|Any CPU.ActiveCfg = Debug|Any CPU
		{9F6050F0-69DD-42FF-9019-5816E8C47BD3}.Debug|Any CPU.Build.0 = Debug|Any CPU
		{9F6050F0-69DD-42FF-9019-5816E8C47BD3}.Release|Any CPU.ActiveCfg = Release|Any CPU
		{9F6050F0-69DD-42FF-9019-5816E8C47BD3}.Release|Any CPU.Build.0 = Release|Any CPU
	EndGlobalSection
	GlobalSection(SolutionProperties) = preSolution
		HideSolutionNode = FALSE
	EndGlobalSection
	GlobalSection(ExtensibilityGlobals) = postSolution
		SolutionGuid = {440B5EDC-D4EB-4445-A94F-455697A21927}
	EndGlobalSection
EndGlobal
