
Microsoft Visual Studio Solution File, Format Version 12.00
# Visual Studio 15
VisualStudioVersion = 15.0.27130.2010
MinimumVisualStudioVersion = 10.0.40219.1
Project("{FAE04EC0-301F-11D3-BF4B-00C04F79EFBC}") = "es 18 - OOP Scopa pt2", "es 18 - OOP Scopa pt2\es 18 - OOP Scopa pt2.csproj", "{98D07B85-CAEC-4A08-92A9-81178228D101}"
EndProject
Global
	GlobalSection(SolutionConfigurationPlatforms) = preSolution
		Debug|Any CPU = Debug|Any CPU
		Release|Any CPU = Release|Any CPU
	EndGlobalSection
	GlobalSection(ProjectConfigurationPlatforms) = postSolution
		{98D07B85-CAEC-4A08-92A9-81178228D101}.Debug|Any CPU.ActiveCfg = Debug|Any CPU
		{98D07B85-CAEC-4A08-92A9-81178228D101}.Debug|Any CPU.Build.0 = Debug|Any CPU
		{98D07B85-CAEC-4A08-92A9-81178228D101}.Release|Any CPU.ActiveCfg = Release|Any CPU
		{98D07B85-CAEC-4A08-92A9-81178228D101}.Release|Any CPU.Build.0 = Release|Any CPU
	EndGlobalSection
	GlobalSection(SolutionProperties) = preSolution
		HideSolutionNode = FALSE
	EndGlobalSection
	GlobalSection(ExtensibilityGlobals) = postSolution
		SolutionGuid = {9D77693D-D3FB-4A9A-9595-E86670E73B60}
	EndGlobalSection
EndGlobal
