
Microsoft Visual Studio Solution File, Format Version 12.00
# Visual Studio 15
VisualStudioVersion = 15.0.27130.2010
MinimumVisualStudioVersion = 10.0.40219.1
Project("{FAE04EC0-301F-11D3-BF4B-00C04F79EFBC}") = "es 10 - OOP Ereditarietà", "es 10 - OOP Ereditarietà\es 10 - OOP Ereditarietà.csproj", "{76E1A09D-3883-4084-977F-E42AC7F130B7}"
EndProject
Global
	GlobalSection(SolutionConfigurationPlatforms) = preSolution
		Debug|Any CPU = Debug|Any CPU
		Release|Any CPU = Release|Any CPU
	EndGlobalSection
	GlobalSection(ProjectConfigurationPlatforms) = postSolution
		{76E1A09D-3883-4084-977F-E42AC7F130B7}.Debug|Any CPU.ActiveCfg = Debug|Any CPU
		{76E1A09D-3883-4084-977F-E42AC7F130B7}.Debug|Any CPU.Build.0 = Debug|Any CPU
		{76E1A09D-3883-4084-977F-E42AC7F130B7}.Release|Any CPU.ActiveCfg = Release|Any CPU
		{76E1A09D-3883-4084-977F-E42AC7F130B7}.Release|Any CPU.Build.0 = Release|Any CPU
	EndGlobalSection
	GlobalSection(SolutionProperties) = preSolution
		HideSolutionNode = FALSE
	EndGlobalSection
	GlobalSection(ExtensibilityGlobals) = postSolution
		SolutionGuid = {1D0819B9-0BAA-4E0D-9E04-F1F582A3C5D1}
	EndGlobalSection
EndGlobal
