
Microsoft Visual Studio Solution File, Format Version 12.00
# Visual Studio Version 16
VisualStudioVersion = 16.0.29411.108
MinimumVisualStudioVersion = 10.0.40219.1
Project("{FAE04EC0-301F-11D3-BF4B-00C04F79EFBC}") = "multiform01_Project", "multiform01_Project\multiform01_Project.csproj", "{7F4E517D-707D-4A33-AB01-FD7CA22BB382}"
EndProject
Global
	GlobalSection(SolutionConfigurationPlatforms) = preSolution
		Debug|Any CPU = Debug|Any CPU
		Release|Any CPU = Release|Any CPU
	EndGlobalSection
	GlobalSection(ProjectConfigurationPlatforms) = postSolution
		{7F4E517D-707D-4A33-AB01-FD7CA22BB382}.Debug|Any CPU.ActiveCfg = Debug|Any CPU
		{7F4E517D-707D-4A33-AB01-FD7CA22BB382}.Debug|Any CPU.Build.0 = Debug|Any CPU
		{7F4E517D-707D-4A33-AB01-FD7CA22BB382}.Release|Any CPU.ActiveCfg = Release|Any CPU
		{7F4E517D-707D-4A33-AB01-FD7CA22BB382}.Release|Any CPU.Build.0 = Release|Any CPU
	EndGlobalSection
	GlobalSection(SolutionProperties) = preSolution
		HideSolutionNode = FALSE
	EndGlobalSection
	GlobalSection(ExtensibilityGlobals) = postSolution
		SolutionGuid = {AA6F2A9A-89A6-4C69-B29C-B3E820D74EA3}
	EndGlobalSection
EndGlobal
