
Microsoft Visual Studio Solution File, Format Version 12.00
# Visual Studio 15
VisualStudioVersion = 15.0.27130.2010
MinimumVisualStudioVersion = 10.0.40219.1
Project("{FAE04EC0-301F-11D3-BF4B-00C04F79EFBC}") = "es 03 MultiForm con form MDI_Project", "es 03 MultiForm con form MDI_Project\es 03 MultiForm con form MDI_Project.csproj", "{E51DF29D-88B8-4042-ABA0-D6415FFB3FBC}"
EndProject
Global
	GlobalSection(SolutionConfigurationPlatforms) = preSolution
		Debug|Any CPU = Debug|Any CPU
		Release|Any CPU = Release|Any CPU
	EndGlobalSection
	GlobalSection(ProjectConfigurationPlatforms) = postSolution
		{E51DF29D-88B8-4042-ABA0-D6415FFB3FBC}.Debug|Any CPU.ActiveCfg = Debug|Any CPU
		{E51DF29D-88B8-4042-ABA0-D6415FFB3FBC}.Debug|Any CPU.Build.0 = Debug|Any CPU
		{E51DF29D-88B8-4042-ABA0-D6415FFB3FBC}.Release|Any CPU.ActiveCfg = Release|Any CPU
		{E51DF29D-88B8-4042-ABA0-D6415FFB3FBC}.Release|Any CPU.Build.0 = Release|Any CPU
	EndGlobalSection
	GlobalSection(SolutionProperties) = preSolution
		HideSolutionNode = FALSE
	EndGlobalSection
	GlobalSection(ExtensibilityGlobals) = postSolution
		SolutionGuid = {4207FF26-7382-40B3-90FB-A437811FF37C}
	EndGlobalSection
EndGlobal
