
Microsoft Visual Studio Solution File, Format Version 12.00
# Visual Studio 15
VisualStudioVersion = 15.0.27130.2010
MinimumVisualStudioVersion = 10.0.40219.1
Project("{FAE04EC0-301F-11D3-BF4B-00C04F79EFBC}") = "es 16 - OOP Scopa_Project", "es 16 - OOP Scopa_Project\es 16 - OOP Scopa_Project.csproj", "{FD527AA5-F868-4096-B54B-78BDD1D83439}"
EndProject
Global
	GlobalSection(SolutionConfigurationPlatforms) = preSolution
		Debug|Any CPU = Debug|Any CPU
		Release|Any CPU = Release|Any CPU
	EndGlobalSection
	GlobalSection(ProjectConfigurationPlatforms) = postSolution
		{FD527AA5-F868-4096-B54B-78BDD1D83439}.Debug|Any CPU.ActiveCfg = Debug|Any CPU
		{FD527AA5-F868-4096-B54B-78BDD1D83439}.Debug|Any CPU.Build.0 = Debug|Any CPU
		{FD527AA5-F868-4096-B54B-78BDD1D83439}.Release|Any CPU.ActiveCfg = Release|Any CPU
		{FD527AA5-F868-4096-B54B-78BDD1D83439}.Release|Any CPU.Build.0 = Release|Any CPU
	EndGlobalSection
	GlobalSection(SolutionProperties) = preSolution
		HideSolutionNode = FALSE
	EndGlobalSection
	GlobalSection(ExtensibilityGlobals) = postSolution
		SolutionGuid = {174C3596-B497-4279-B05C-8240DA27F47F}
	EndGlobalSection
EndGlobal
